
Microsoft Visual Studio Solution File, Format Version 12.00
# Visual Studio Version 17
VisualStudioVersion = 17.5.33414.496
MinimumVisualStudioVersion = 10.0.40219.1
Project("{FAE04EC0-301F-11D3-BF4B-00C04F79EFBC}") = "PustokMvc", "PustokMvc\PustokMvc.csproj", "{500CEDD0-989B-4FD4-9B92-AD932E228C43}"
EndProject
Global
	GlobalSection(SolutionConfigurationPlatforms) = preSolution
		Debug|Any CPU = Debug|Any CPU
		Release|Any CPU = Release|Any CPU
	EndGlobalSection
	GlobalSection(ProjectConfigurationPlatforms) = postSolution
		{500CEDD0-989B-4FD4-9B92-AD932E228C43}.Debug|Any CPU.ActiveCfg = Debug|Any CPU
		{500CEDD0-989B-4FD4-9B92-AD932E228C43}.Debug|Any CPU.Build.0 = Debug|Any CPU
		{500CEDD0-989B-4FD4-9B92-AD932E228C43}.Release|Any CPU.ActiveCfg = Release|Any CPU
		{500CEDD0-989B-4FD4-9B92-AD932E228C43}.Release|Any CPU.Build.0 = Release|Any CPU
	EndGlobalSection
	GlobalSection(SolutionProperties) = preSolution
		HideSolutionNode = FALSE
	EndGlobalSection
	GlobalSection(ExtensibilityGlobals) = postSolution
		SolutionGuid = {E2D2FA65-11AC-4031-8167-75D5A83B0EDC}
	EndGlobalSection
EndGlobal
